// !$*UTF8*$!
{
	archiveVersion = 1;
	classes = {
	};
	objectVersion = 56;
	objects = {

/* Begin PBXBuildFile section */
		94E6508A28FF345900F43AAE /* AppDelegate.swift in Sources */ = {isa = PBXBuildFile; fileRef = 94E6508928FF345900F43AAE /* AppDelegate.swift */; };
		94E6508C28FF345900F43AAE /* SceneDelegate.swift in Sources */ = {isa = PBXBuildFile; fileRef = 94E6508B28FF345900F43AAE /* SceneDelegate.swift */; };
		94E6508E28FF345900F43AAE /* MainMenuViewController.swift in Sources */ = {isa = PBXBuildFile; fileRef = 94E6508D28FF345900F43AAE /* MainMenuViewController.swift */; };
		94E6509328FF345D00F43AAE /* Assets.xcassets in Resources */ = {isa = PBXBuildFile; fileRef = 94E6509228FF345D00F43AAE /* Assets.xcassets */; };
		94E6509628FF345D00F43AAE /* LaunchScreen.storyboard in Resources */ = {isa = PBXBuildFile; fileRef = 94E6509428FF345D00F43AAE /* LaunchScreen.storyboard */; };
		94E6509E29007DF800F43AAE /* ModuleBuilder.swift in Sources */ = {isa = PBXBuildFile; fileRef = 94E6509D29007DF800F43AAE /* ModuleBuilder.swift */; };
		94E650A0290082D000F43AAE /* MainMenuRouter.swift in Sources */ = {isa = PBXBuildFile; fileRef = 94E6509F290082D000F43AAE /* MainMenuRouter.swift */; };
		94E650A2290082F000F43AAE /* MainMenuViewPresenter.swift in Sources */ = {isa = PBXBuildFile; fileRef = 94E650A1290082F000F43AAE /* MainMenuViewPresenter.swift */; };
		94E650A829008DF500F43AAE /* BaseModuleRouter.swift in Sources */ = {isa = PBXBuildFile; fileRef = 94E650A729008DF500F43AAE /* BaseModuleRouter.swift */; };
		94E650AA2901151F00F43AAE /* TabbarControllerRouter.swift in Sources */ = {isa = PBXBuildFile; fileRef = 94E650A92901151F00F43AAE /* TabbarControllerRouter.swift */; };
		94E650AC290169A200F43AAE /* TabBarViewController.swift in Sources */ = {isa = PBXBuildFile; fileRef = 94E650AB290169A200F43AAE /* TabBarViewController.swift */; };
		94E650B2290306B300F43AAE /* ContactsViewController.swift in Sources */ = {isa = PBXBuildFile; fileRef = 94E650B1290306B300F43AAE /* ContactsViewController.swift */; };
		94E650B4290306CD00F43AAE /* ContactsViewPresenter.swift in Sources */ = {isa = PBXBuildFile; fileRef = 94E650B3290306CD00F43AAE /* ContactsViewPresenter.swift */; };
		94E650B6290306D900F43AAE /* ContactsRouter.swift in Sources */ = {isa = PBXBuildFile; fileRef = 94E650B5290306D900F43AAE /* ContactsRouter.swift */; };
/* End PBXBuildFile section */

/* Begin PBXFileReference section */
		94E6508628FF345900F43AAE /* YandexTestMVP.app */ = {isa = PBXFileReference; explicitFileType = wrapper.application; includeInIndex = 0; path = YandexTestMVP.app; sourceTree = BUILT_PRODUCTS_DIR; };
		94E6508928FF345900F43AAE /* AppDelegate.swift */ = {isa = PBXFileReference; lastKnownFileType = sourcecode.swift; path = AppDelegate.swift; sourceTree = "<group>"; };
		94E6508B28FF345900F43AAE /* SceneDelegate.swift */ = {isa = PBXFileReference; lastKnownFileType = sourcecode.swift; path = SceneDelegate.swift; sourceTree = "<group>"; };
		94E6508D28FF345900F43AAE /* MainMenuViewController.swift */ = {isa = PBXFileReference; lastKnownFileType = sourcecode.swift; path = MainMenuViewController.swift; sourceTree = "<group>"; };
		94E6509228FF345D00F43AAE /* Assets.xcassets */ = {isa = PBXFileReference; lastKnownFileType = folder.assetcatalog; path = Assets.xcassets; sourceTree = "<group>"; };
		94E6509528FF345D00F43AAE /* Base */ = {isa = PBXFileReference; lastKnownFileType = file.storyboard; name = Base; path = Base.lproj/LaunchScreen.storyboard; sourceTree = "<group>"; };
		94E6509728FF345D00F43AAE /* Info.plist */ = {isa = PBXFileReference; lastKnownFileType = text.plist.xml; path = Info.plist; sourceTree = "<group>"; };
		94E6509D29007DF800F43AAE /* ModuleBuilder.swift */ = {isa = PBXFileReference; lastKnownFileType = sourcecode.swift; path = ModuleBuilder.swift; sourceTree = "<group>"; };
		94E6509F290082D000F43AAE /* MainMenuRouter.swift */ = {isa = PBXFileReference; lastKnownFileType = sourcecode.swift; path = MainMenuRouter.swift; sourceTree = "<group>"; };
		94E650A1290082F000F43AAE /* MainMenuViewPresenter.swift */ = {isa = PBXFileReference; lastKnownFileType = sourcecode.swift; path = MainMenuViewPresenter.swift; sourceTree = "<group>"; };
		94E650A729008DF500F43AAE /* BaseModuleRouter.swift */ = {isa = PBXFileReference; lastKnownFileType = sourcecode.swift; path = BaseModuleRouter.swift; sourceTree = "<group>"; };
		94E650A92901151F00F43AAE /* TabbarControllerRouter.swift */ = {isa = PBXFileReference; lastKnownFileType = sourcecode.swift; path = TabbarControllerRouter.swift; sourceTree = "<group>"; };
		94E650AB290169A200F43AAE /* TabBarViewController.swift */ = {isa = PBXFileReference; lastKnownFileType = sourcecode.swift; path = TabBarViewController.swift; sourceTree = "<group>"; };
		94E650B1290306B300F43AAE /* ContactsViewController.swift */ = {isa = PBXFileReference; lastKnownFileType = sourcecode.swift; path = ContactsViewController.swift; sourceTree = "<group>"; };
		94E650B3290306CD00F43AAE /* ContactsViewPresenter.swift */ = {isa = PBXFileReference; lastKnownFileType = sourcecode.swift; path = ContactsViewPresenter.swift; sourceTree = "<group>"; };
		94E650B5290306D900F43AAE /* ContactsRouter.swift */ = {isa = PBXFileReference; lastKnownFileType = sourcecode.swift; path = ContactsRouter.swift; sourceTree = "<group>"; };
/* End PBXFileReference section */

/* Begin PBXFrameworksBuildPhase section */
		94E6508328FF345900F43AAE /* Frameworks */ = {
			isa = PBXFrameworksBuildPhase;
			buildActionMask = 2147483647;
			files = (
			);
			runOnlyForDeploymentPostprocessing = 0;
		};
/* End PBXFrameworksBuildPhase section */

/* Begin PBXGroup section */
		94E6507D28FF345900F43AAE = {
			isa = PBXGroup;
			children = (
				94E6508828FF345900F43AAE /* YandexTestMVP */,
				94E6508728FF345900F43AAE /* Products */,
			);
			sourceTree = "<group>";
		};
		94E6508728FF345900F43AAE /* Products */ = {
			isa = PBXGroup;
			children = (
				94E6508628FF345900F43AAE /* YandexTestMVP.app */,
			);
			name = Products;
			sourceTree = "<group>";
		};
		94E6508828FF345900F43AAE /* YandexTestMVP */ = {
			isa = PBXGroup;
			children = (
				94E6508928FF345900F43AAE /* AppDelegate.swift */,
				94E6508B28FF345900F43AAE /* SceneDelegate.swift */,
				94E6509D29007DF800F43AAE /* ModuleBuilder.swift */,
				94E650A729008DF500F43AAE /* BaseModuleRouter.swift */,
				94E650A92901151F00F43AAE /* TabbarControllerRouter.swift */,
				94E650AB290169A200F43AAE /* TabBarViewController.swift */,
				94E650A32900830F00F43AAE /* MainMenuModule */,
				94E650AD2903063900F43AAE /* ContactsModule */,
				94E6509228FF345D00F43AAE /* Assets.xcassets */,
				94E6509428FF345D00F43AAE /* LaunchScreen.storyboard */,
				94E6509728FF345D00F43AAE /* Info.plist */,
			);
			path = YandexTestMVP;
			sourceTree = "<group>";
		};
		94E650A32900830F00F43AAE /* MainMenuModule */ = {
			isa = PBXGroup;
			children = (
				94E650A42900831F00F43AAE /* View */,
				94E650A52900832500F43AAE /* Router */,
				94E650A62900832D00F43AAE /* Presenter */,
			);
			path = MainMenuModule;
			sourceTree = "<group>";
		};
		94E650A42900831F00F43AAE /* View */ = {
			isa = PBXGroup;
			children = (
				94E6508D28FF345900F43AAE /* MainMenuViewController.swift */,
			);
			path = View;
			sourceTree = "<group>";
		};
		94E650A52900832500F43AAE /* Router */ = {
			isa = PBXGroup;
			children = (
				94E6509F290082D000F43AAE /* MainMenuRouter.swift */,
			);
			path = Router;
			sourceTree = "<group>";
		};
		94E650A62900832D00F43AAE /* Presenter */ = {
			isa = PBXGroup;
			children = (
				94E650A1290082F000F43AAE /* MainMenuViewPresenter.swift */,
			);
			path = Presenter;
			sourceTree = "<group>";
		};
		94E650AD2903063900F43AAE /* ContactsModule */ = {
			isa = PBXGroup;
			children = (
				94E650AE2903066400F43AAE /* View */,
				94E650B02903067300F43AAE /* Presenter */,
				94E650AF2903066C00F43AAE /* Router */,
			);
			path = ContactsModule;
			sourceTree = "<group>";
		};
		94E650AE2903066400F43AAE /* View */ = {
			isa = PBXGroup;
			children = (
				94E650B1290306B300F43AAE /* ContactsViewController.swift */,
			);
			path = View;
			sourceTree = "<group>";
		};
		94E650AF2903066C00F43AAE /* Router */ = {
			isa = PBXGroup;
			children = (
				94E650B5290306D900F43AAE /* ContactsRouter.swift */,
			);
			path = Router;
			sourceTree = "<group>";
		};
		94E650B02903067300F43AAE /* Presenter */ = {
			isa = PBXGroup;
			children = (
				94E650B3290306CD00F43AAE /* ContactsViewPresenter.swift */,
			);
			path = Presenter;
			sourceTree = "<group>";
		};
/* End PBXGroup section */

/* Begin PBXNativeTarget section */
		94E6508528FF345900F43AAE /* YandexTestMVP */ = {
			isa = PBXNativeTarget;
			buildConfigurationList = 94E6509A28FF345D00F43AAE /* Build configuration list for PBXNativeTarget "YandexTestMVP" */;
			buildPhases = (
				94E6508228FF345900F43AAE /* Sources */,
				94E6508328FF345900F43AAE /* Frameworks */,
				94E6508428FF345900F43AAE /* Resources */,
			);
			buildRules = (
			);
			dependencies = (
			);
			name = YandexTestMVP;
			productName = YandexTestMVP;
			productReference = 94E6508628FF345900F43AAE /* YandexTestMVP.app */;
			productType = "com.apple.product-type.application";
		};
/* End PBXNativeTarget section */

/* Begin PBXProject section */
		94E6507E28FF345900F43AAE /* Project object */ = {
			isa = PBXProject;
			attributes = {
				BuildIndependentTargetsInParallel = 1;
				LastSwiftUpdateCheck = 1400;
				LastUpgradeCheck = 1400;
				TargetAttributes = {
					94E6508528FF345900F43AAE = {
						CreatedOnToolsVersion = 14.0.1;
					};
				};
			};
			buildConfigurationList = 94E6508128FF345900F43AAE /* Build configuration list for PBXProject "YandexTestMVP" */;
			compatibilityVersion = "Xcode 14.0";
			developmentRegion = en;
			hasScannedForEncodings = 0;
			knownRegions = (
				en,
				Base,
			);
			mainGroup = 94E6507D28FF345900F43AAE;
			productRefGroup = 94E6508728FF345900F43AAE /* Products */;
			projectDirPath = "";
			projectRoot = "";
			targets = (
				94E6508528FF345900F43AAE /* YandexTestMVP */,
			);
		};
/* End PBXProject section */

/* Begin PBXResourcesBuildPhase section */
		94E6508428FF345900F43AAE /* Resources */ = {
			isa = PBXResourcesBuildPhase;
			buildActionMask = 2147483647;
			files = (
				94E6509628FF345D00F43AAE /* LaunchScreen.storyboard in Resources */,
				94E6509328FF345D00F43AAE /* Assets.xcassets in Resources */,
			);
			runOnlyForDeploymentPostprocessing = 0;
		};
/* End PBXResourcesBuildPhase section */

/* Begin PBXSourcesBuildPhase section */
		94E6508228FF345900F43AAE /* Sources */ = {
			isa = PBXSourcesBuildPhase;
			buildActionMask = 2147483647;
			files = (
				94E650A829008DF500F43AAE /* BaseModuleRouter.swift in Sources */,
				94E6508E28FF345900F43AAE /* MainMenuViewController.swift in Sources */,
				94E650B4290306CD00F43AAE /* ContactsViewPresenter.swift in Sources */,
				94E6508A28FF345900F43AAE /* AppDelegate.swift in Sources */,
				94E6508C28FF345900F43AAE /* SceneDelegate.swift in Sources */,
				94E650AC290169A200F43AAE /* TabBarViewController.swift in Sources */,
				94E6509E29007DF800F43AAE /* ModuleBuilder.swift in Sources */,
				94E650A0290082D000F43AAE /* MainMenuRouter.swift in Sources */,
				94E650AA2901151F00F43AAE /* TabbarControllerRouter.swift in Sources */,
				94E650A2290082F000F43AAE /* MainMenuViewPresenter.swift in Sources */,
				94E650B2290306B300F43AAE /* ContactsViewController.swift in Sources */,
				94E650B6290306D900F43AAE /* ContactsRouter.swift in Sources */,
			);
			runOnlyForDeploymentPostprocessing = 0;
		};
/* End PBXSourcesBuildPhase section */

/* Begin PBXVariantGroup section */
		94E6509428FF345D00F43AAE /* LaunchScreen.storyboard */ = {
			isa = PBXVariantGroup;
			children = (
				94E6509528FF345D00F43AAE /* Base */,
			);
			name = LaunchScreen.storyboard;
			sourceTree = "<group>";
		};
/* End PBXVariantGroup section */

/* Begin XCBuildConfiguration section */
		94E6509828FF345D00F43AAE /* Debug */ = {
			isa = XCBuildConfiguration;
			buildSettings = {
				ALWAYS_SEARCH_USER_PATHS = NO;
				CLANG_ANALYZER_NONNULL = YES;
				CLANG_ANALYZER_NUMBER_OBJECT_CONVERSION = YES_AGGRESSIVE;
				CLANG_CXX_LANGUAGE_STANDARD = "gnu++20";
				CLANG_ENABLE_MODULES = YES;
				CLANG_ENABLE_OBJC_ARC = YES;
				CLANG_ENABLE_OBJC_WEAK = YES;
				CLANG_WARN_BLOCK_CAPTURE_AUTORELEASING = YES;
				CLANG_WARN_BOOL_CONVERSION = YES;
				CLANG_WARN_COMMA = YES;
				CLANG_WARN_CONSTANT_CONVERSION = YES;
				CLANG_WARN_DEPRECATED_OBJC_IMPLEMENTATIONS = YES;
				CLANG_WARN_DIRECT_OBJC_ISA_USAGE = YES_ERROR;
				CLANG_WARN_DOCUMENTATION_COMMENTS = YES;
				CLANG_WARN_EMPTY_BODY = YES;
				CLANG_WARN_ENUM_CONVERSION = YES;
				CLANG_WARN_INFINITE_RECURSION = YES;
				CLANG_WARN_INT_CONVERSION = YES;
				CLANG_WARN_NON_LITERAL_NULL_CONVERSION = YES;
				CLANG_WARN_OBJC_IMPLICIT_RETAIN_SELF = YES;
				CLANG_WARN_OBJC_LITERAL_CONVERSION = YES;
				CLANG_WARN_OBJC_ROOT_CLASS = YES_ERROR;
				CLANG_WARN_QUOTED_INCLUDE_IN_FRAMEWORK_HEADER = YES;
				CLANG_WARN_RANGE_LOOP_ANALYSIS = YES;
				CLANG_WARN_STRICT_PROTOTYPES = YES;
				CLANG_WARN_SUSPICIOUS_MOVE = YES;
				CLANG_WARN_UNGUARDED_AVAILABILITY = YES_AGGRESSIVE;
				CLANG_WARN_UNREACHABLE_CODE = YES;
				CLANG_WARN__DUPLICATE_METHOD_MATCH = YES;
				COPY_PHASE_STRIP = NO;
				DEBUG_INFORMATION_FORMAT = dwarf;
				ENABLE_STRICT_OBJC_MSGSEND = YES;
				ENABLE_TESTABILITY = YES;
				GCC_C_LANGUAGE_STANDARD = gnu11;
				GCC_DYNAMIC_NO_PIC = NO;
				GCC_NO_COMMON_BLOCKS = YES;
				GCC_OPTIMIZATION_LEVEL = 0;
				GCC_PREPROCESSOR_DEFINITIONS = (
					"DEBUG=1",
					"$(inherited)",
				);
				GCC_WARN_64_TO_32_BIT_CONVERSION = YES;
				GCC_WARN_ABOUT_RETURN_TYPE = YES_ERROR;
				GCC_WARN_UNDECLARED_SELECTOR = YES;
				GCC_WARN_UNINITIALIZED_AUTOS = YES_AGGRESSIVE;
				GCC_WARN_UNUSED_FUNCTION = YES;
				GCC_WARN_UNUSED_VARIABLE = YES;
				IPHONEOS_DEPLOYMENT_TARGET = 16.0;
				MTL_ENABLE_DEBUG_INFO = INCLUDE_SOURCE;
				MTL_FAST_MATH = YES;
				ONLY_ACTIVE_ARCH = YES;
				SDKROOT = iphoneos;
				SWIFT_ACTIVE_COMPILATION_CONDITIONS = DEBUG;
				SWIFT_OPTIMIZATION_LEVEL = "-Onone";
			};
			name = Debug;
		};
		94E6509928FF345D00F43AAE /* Release */ = {
			isa = XCBuildConfiguration;
			buildSettings = {
				ALWAYS_SEARCH_USER_PATHS = NO;
				CLANG_ANALYZER_NONNULL = YES;
				CLANG_ANALYZER_NUMBER_OBJECT_CONVERSION = YES_AGGRESSIVE;
				CLANG_CXX_LANGUAGE_STANDARD = "gnu++20";
				CLANG_ENABLE_MODULES = YES;
				CLANG_ENABLE_OBJC_ARC = YES;
				CLANG_ENABLE_OBJC_WEAK = YES;
				CLANG_WARN_BLOCK_CAPTURE_AUTORELEASING = YES;
				CLANG_WARN_BOOL_CONVERSION = YES;
				CLANG_WARN_COMMA = YES;
				CLANG_WARN_CONSTANT_CONVERSION = YES;
				CLANG_WARN_DEPRECATED_OBJC_IMPLEMENTATIONS = YES;
				CLANG_WARN_DIRECT_OBJC_ISA_USAGE = YES_ERROR;
				CLANG_WARN_DOCUMENTATION_COMMENTS = YES;
				CLANG_WARN_EMPTY_BODY = YES;
				CLANG_WARN_ENUM_CONVERSION = YES;
				CLANG_WARN_INFINITE_RECURSION = YES;
				CLANG_WARN_INT_CONVERSION = YES;
				CLANG_WARN_NON_LITERAL_NULL_CONVERSION = YES;
				CLANG_WARN_OBJC_IMPLICIT_RETAIN_SELF = YES;
				CLANG_WARN_OBJC_LITERAL_CONVERSION = YES;
				CLANG_WARN_OBJC_ROOT_CLASS = YES_ERROR;
				CLANG_WARN_QUOTED_INCLUDE_IN_FRAMEWORK_HEADER = YES;
				CLANG_WARN_RANGE_LOOP_ANALYSIS = YES;
				CLANG_WARN_STRICT_PROTOTYPES = YES;
				CLANG_WARN_SUSPICIOUS_MOVE = YES;
				CLANG_WARN_UNGUARDED_AVAILABILITY = YES_AGGRESSIVE;
				CLANG_WARN_UNREACHABLE_CODE = YES;
				CLANG_WARN__DUPLICATE_METHOD_MATCH = YES;
				COPY_PHASE_STRIP = NO;
				DEBUG_INFORMATION_FORMAT = "dwarf-with-dsym";
				ENABLE_NS_ASSERTIONS = NO;
				ENABLE_STRICT_OBJC_MSGSEND = YES;
				GCC_C_LANGUAGE_STANDARD = gnu11;
				GCC_NO_COMMON_BLOCKS = YES;
				GCC_WARN_64_TO_32_BIT_CONVERSION = YES;
				GCC_WARN_ABOUT_RETURN_TYPE = YES_ERROR;
				GCC_WARN_UNDECLARED_SELECTOR = YES;
				GCC_WARN_UNINITIALIZED_AUTOS = YES_AGGRESSIVE;
				GCC_WARN_UNUSED_FUNCTION = YES;
				GCC_WARN_UNUSED_VARIABLE = YES;
				IPHONEOS_DEPLOYMENT_TARGET = 16.0;
				MTL_ENABLE_DEBUG_INFO = NO;
				MTL_FAST_MATH = YES;
				SDKROOT = iphoneos;
				SWIFT_COMPILATION_MODE = wholemodule;
				SWIFT_OPTIMIZATION_LEVEL = "-O";
				VALIDATE_PRODUCT = YES;
			};
			name = Release;
		};
		94E6509B28FF345D00F43AAE /* Debug */ = {
			isa = XCBuildConfiguration;
			buildSettings = {
				ASSETCATALOG_COMPILER_APPICON_NAME = AppIcon;
				ASSETCATALOG_COMPILER_GLOBAL_ACCENT_COLOR_NAME = AccentColor;
				CODE_SIGN_STYLE = Automatic;
				CURRENT_PROJECT_VERSION = 1;
				DEVELOPMENT_TEAM = K3XRV9KVYN;
				GENERATE_INFOPLIST_FILE = YES;
				INFOPLIST_FILE = YandexTestMVP/Info.plist;
				INFOPLIST_KEY_UIApplicationSupportsIndirectInputEvents = YES;
				INFOPLIST_KEY_UILaunchStoryboardName = LaunchScreen;
				INFOPLIST_KEY_UISupportedInterfaceOrientations_iPad = "UIInterfaceOrientationPortrait UIInterfaceOrientationPortraitUpsideDown UIInterfaceOrientationLandscapeLeft UIInterfaceOrientationLandscapeRight";
				INFOPLIST_KEY_UISupportedInterfaceOrientations_iPhone = "UIInterfaceOrientationPortrait UIInterfaceOrientationLandscapeLeft UIInterfaceOrientationLandscapeRight";
				LD_RUNPATH_SEARCH_PATHS = (
					"$(inherited)",
					"@executable_path/Frameworks",
				);
				MARKETING_VERSION = 1.0;
				PRODUCT_BUNDLE_IDENTIFIER = Zhuravlev.YandexTestMVP;
				PRODUCT_NAME = "$(TARGET_NAME)";
				SWIFT_EMIT_LOC_STRINGS = YES;
				SWIFT_VERSION = 5.0;
				TARGETED_DEVICE_FAMILY = "1,2";
			};
			name = Debug;
		};
		94E6509C28FF345D00F43AAE /* Release */ = {
			isa = XCBuildConfiguration;
			buildSettings = {
				ASSETCATALOG_COMPILER_APPICON_NAME = AppIcon;
				ASSETCATALOG_COMPILER_GLOBAL_ACCENT_COLOR_NAME = AccentColor;
				CODE_SIGN_STYLE = Automatic;
				CURRENT_PROJECT_VERSION = 1;
				DEVELOPMENT_TEAM = K3XRV9KVYN;
				GENERATE_INFOPLIST_FILE = YES;
				INFOPLIST_FILE = YandexTestMVP/Info.plist;
				INFOPLIST_KEY_UIApplicationSupportsIndirectInputEvents = YES;
				INFOPLIST_KEY_UILaunchStoryboardName = LaunchScreen;
				INFOPLIST_KEY_UISupportedInterfaceOrientations_iPad = "UIInterfaceOrientationPortrait UIInterfaceOrientationPortraitUpsideDown UIInterfaceOrientationLandscapeLeft UIInterfaceOrientationLandscapeRight";
				INFOPLIST_KEY_UISupportedInterfaceOrientations_iPhone = "UIInterfaceOrientationPortrait UIInterfaceOrientationLandscapeLeft UIInterfaceOrientationLandscapeRight";
				LD_RUNPATH_SEARCH_PATHS = (
					"$(inherited)",
					"@executable_path/Frameworks",
				);
				MARKETING_VERSION = 1.0;
				PRODUCT_BUNDLE_IDENTIFIER = Zhuravlev.YandexTestMVP;
				PRODUCT_NAME = "$(TARGET_NAME)";
				SWIFT_EMIT_LOC_STRINGS = YES;
				SWIFT_VERSION = 5.0;
				TARGETED_DEVICE_FAMILY = "1,2";
			};
			name = Release;
		};
/* End XCBuildConfiguration section */

/* Begin XCConfigurationList section */
		94E6508128FF345900F43AAE /* Build configuration list for PBXProject "YandexTestMVP" */ = {
			isa = XCConfigurationList;
			buildConfigurations = (
				94E6509828FF345D00F43AAE /* Debug */,
				94E6509928FF345D00F43AAE /* Release */,
			);
			defaultConfigurationIsVisible = 0;
			defaultConfigurationName = Release;
		};
		94E6509A28FF345D00F43AAE /* Build configuration list for PBXNativeTarget "YandexTestMVP" */ = {
			isa = XCConfigurationList;
			buildConfigurations = (
				94E6509B28FF345D00F43AAE /* Debug */,
				94E6509C28FF345D00F43AAE /* Release */,
			);
			defaultConfigurationIsVisible = 0;
			defaultConfigurationName = Release;
		};
/* End XCConfigurationList section */
	};
	rootObject = 94E6507E28FF345900F43AAE /* Project object */;
}
